
Microsoft Visual Studio Solution File, Format Version 12.00
# Visual Studio Version 16
VisualStudioVersion = 16.0.30711.63
MinimumVisualStudioVersion = 10.0.40219.1
Project("{2150E333-8FDC-42A3-9474-1A3956D46DE8}") = "db", "db", "{B206C364-CFE7-463F-A642-4BCA26C4A638}"
EndProject
Project("{2150E333-8FDC-42A3-9474-1A3956D46DE8}") = "infra", "infra", "{BB9DC697-419C-4683-B262-01B86204E7FB}"
EndProject
Project("{2150E333-8FDC-42A3-9474-1A3956D46DE8}") = "src", "src", "{2BAFFA81-C44A-4ECC-B54E-939CBD251E6A}"
EndProject
Project("{2150E333-8FDC-42A3-9474-1A3956D46DE8}") = "0-Service", "0-Service", "{98B2CA79-690C-4CCA-962E-20800708DFCF}"
EndProject
Project("{2150E333-8FDC-42A3-9474-1A3956D46DE8}") = "1-Application", "1-Application", "{BD14A78B-6298-4F15-8FD8-057E8B699D83}"
EndProject
Project("{2150E333-8FDC-42A3-9474-1A3956D46DE8}") = "2-Domain", "2-Domain", "{E3C9FF72-AF0E-4A16-B66F-6058EB0A58C6}"
EndProject
Project("{2150E333-8FDC-42A3-9474-1A3956D46DE8}") = "3-Infra", "3-Infra", "{52B270D4-E7FC-4F28-9981-82CCE0090E00}"
EndProject
Project("{2150E333-8FDC-42A3-9474-1A3956D46DE8}") = "1.1-Password", "1.1-Password", "{A5D6B729-4F16-41BB-AF4F-E0FFB0C2AA9C}"
EndProject
Project("{2150E333-8FDC-42A3-9474-1A3956D46DE8}") = "2.1-Password", "2.1-Password", "{3E351812-21C1-4DDA-B5AE-8D385F985016}"
EndProject
Project("{2150E333-8FDC-42A3-9474-1A3956D46DE8}") = "3.1-Core", "3.1-Core", "{93FA50B5-2DE1-4329-859D-A0DF582E061B}"
EndProject
Project("{2150E333-8FDC-42A3-9474-1A3956D46DE8}") = "3.2-Data", "3.2-Data", "{05560A62-B9F3-453C-B294-7A4F4E5C973E}"
EndProject
Project("{2150E333-8FDC-42A3-9474-1A3956D46DE8}") = "3.3-CrossCutting", "3.3-CrossCutting", "{DDDBFB66-A0CA-4ECC-967C-8EDA75249128}"
EndProject
Project("{FAE04EC0-301F-11D3-BF4B-00C04F79EFBC}") = "IPSaude.Security.API", "IPSaude.Security.API\IPSaude.Security.API.csproj", "{AC9410EC-22B0-4EE7-9C8D-9405E1DDE70E}"
EndProject
Project("{FAE04EC0-301F-11D3-BF4B-00C04F79EFBC}") = "IPSaude.Security.Infra.CrossCutting.IoC", "IPSaude.Security.Infra.CrossCutting.IoC\IPSaude.Security.Infra.CrossCutting.IoC.csproj", "{4A695A4C-0FCF-44B6-923B-A03C3B0D208D}"
EndProject
Project("{FAE04EC0-301F-11D3-BF4B-00C04F79EFBC}") = "IPSaude.Security.Infra.Core", "IPSaude.Security.Infra.Core\IPSaude.Security.Infra.Core.csproj", "{8AA2F691-4A99-4B0B-8DF4-E45220C88B4D}"
EndProject
Project("{FAE04EC0-301F-11D3-BF4B-00C04F79EFBC}") = "IPSaude.Security.Infra.Data", "IPSaude.Security.Infra.Data\IPSaude.Security.Infra.Data.csproj", "{AD6B745F-0CE8-4B16-A432-840EB8255424}"
EndProject
Project("{FAE04EC0-301F-11D3-BF4B-00C04F79EFBC}") = "IPSaude.Security.Domain.Password", "IPSaude.Security.Domain.Password\IPSaude.Security.Domain.Password.csproj", "{42DCC985-F3AE-459F-BB7A-54CB7E1A1BDB}"
EndProject
Project("{FAE04EC0-301F-11D3-BF4B-00C04F79EFBC}") = "IPSaude.Security.Domain.Password.Contracts", "IPSaude.Security.Domain.Password.Contracts\IPSaude.Security.Domain.Password.Contracts.csproj", "{508F36DC-058D-4380-BA02-FF33ED3CD87F}"
EndProject
Project("{FAE04EC0-301F-11D3-BF4B-00C04F79EFBC}") = "IPSaude.Security.Application.Password", "IPSaude.Security.Application.Password\IPSaude.Security.Application.Password.csproj", "{BA05FB67-4589-4789-A62F-A8FBA193E99E}"
EndProject
Project("{FAE04EC0-301F-11D3-BF4B-00C04F79EFBC}") = "IPSaude.Security.Application.Password.Contracts", "IPSaude.Security.Application.Password.Contracts\IPSaude.Security.Application.Password.Contracts.csproj", "{850E311E-7A44-4695-9C2E-0E7D07128A29}"
EndProject
Global
	GlobalSection(SolutionConfigurationPlatforms) = preSolution
		Debug|Any CPU = Debug|Any CPU
		Release|Any CPU = Release|Any CPU
	EndGlobalSection
	GlobalSection(ProjectConfigurationPlatforms) = postSolution
		{AC9410EC-22B0-4EE7-9C8D-9405E1DDE70E}.Debug|Any CPU.ActiveCfg = Debug|Any CPU
		{AC9410EC-22B0-4EE7-9C8D-9405E1DDE70E}.Debug|Any CPU.Build.0 = Debug|Any CPU
		{AC9410EC-22B0-4EE7-9C8D-9405E1DDE70E}.Release|Any CPU.ActiveCfg = Release|Any CPU
		{AC9410EC-22B0-4EE7-9C8D-9405E1DDE70E}.Release|Any CPU.Build.0 = Release|Any CPU
		{4A695A4C-0FCF-44B6-923B-A03C3B0D208D}.Debug|Any CPU.ActiveCfg = Debug|Any CPU
		{4A695A4C-0FCF-44B6-923B-A03C3B0D208D}.Debug|Any CPU.Build.0 = Debug|Any CPU
		{4A695A4C-0FCF-44B6-923B-A03C3B0D208D}.Release|Any CPU.ActiveCfg = Release|Any CPU
		{4A695A4C-0FCF-44B6-923B-A03C3B0D208D}.Release|Any CPU.Build.0 = Release|Any CPU
		{8AA2F691-4A99-4B0B-8DF4-E45220C88B4D}.Debug|Any CPU.ActiveCfg = Debug|Any CPU
		{8AA2F691-4A99-4B0B-8DF4-E45220C88B4D}.Debug|Any CPU.Build.0 = Debug|Any CPU
		{8AA2F691-4A99-4B0B-8DF4-E45220C88B4D}.Release|Any CPU.ActiveCfg = Release|Any CPU
		{8AA2F691-4A99-4B0B-8DF4-E45220C88B4D}.Release|Any CPU.Build.0 = Release|Any CPU
		{AD6B745F-0CE8-4B16-A432-840EB8255424}.Debug|Any CPU.ActiveCfg = Debug|Any CPU
		{AD6B745F-0CE8-4B16-A432-840EB8255424}.Debug|Any CPU.Build.0 = Debug|Any CPU
		{AD6B745F-0CE8-4B16-A432-840EB8255424}.Release|Any CPU.ActiveCfg = Release|Any CPU
		{AD6B745F-0CE8-4B16-A432-840EB8255424}.Release|Any CPU.Build.0 = Release|Any CPU
		{42DCC985-F3AE-459F-BB7A-54CB7E1A1BDB}.Debug|Any CPU.ActiveCfg = Debug|Any CPU
		{42DCC985-F3AE-459F-BB7A-54CB7E1A1BDB}.Debug|Any CPU.Build.0 = Debug|Any CPU
		{42DCC985-F3AE-459F-BB7A-54CB7E1A1BDB}.Release|Any CPU.ActiveCfg = Release|Any CPU
		{42DCC985-F3AE-459F-BB7A-54CB7E1A1BDB}.Release|Any CPU.Build.0 = Release|Any CPU
		{508F36DC-058D-4380-BA02-FF33ED3CD87F}.Debug|Any CPU.ActiveCfg = Debug|Any CPU
		{508F36DC-058D-4380-BA02-FF33ED3CD87F}.Debug|Any CPU.Build.0 = Debug|Any CPU
		{508F36DC-058D-4380-BA02-FF33ED3CD87F}.Release|Any CPU.ActiveCfg = Release|Any CPU
		{508F36DC-058D-4380-BA02-FF33ED3CD87F}.Release|Any CPU.Build.0 = Release|Any CPU
		{BA05FB67-4589-4789-A62F-A8FBA193E99E}.Debug|Any CPU.ActiveCfg = Debug|Any CPU
		{BA05FB67-4589-4789-A62F-A8FBA193E99E}.Debug|Any CPU.Build.0 = Debug|Any CPU
		{BA05FB67-4589-4789-A62F-A8FBA193E99E}.Release|Any CPU.ActiveCfg = Release|Any CPU
		{BA05FB67-4589-4789-A62F-A8FBA193E99E}.Release|Any CPU.Build.0 = Release|Any CPU
		{850E311E-7A44-4695-9C2E-0E7D07128A29}.Debug|Any CPU.ActiveCfg = Debug|Any CPU
		{850E311E-7A44-4695-9C2E-0E7D07128A29}.Debug|Any CPU.Build.0 = Debug|Any CPU
		{850E311E-7A44-4695-9C2E-0E7D07128A29}.Release|Any CPU.ActiveCfg = Release|Any CPU
		{850E311E-7A44-4695-9C2E-0E7D07128A29}.Release|Any CPU.Build.0 = Release|Any CPU
	EndGlobalSection
	GlobalSection(SolutionProperties) = preSolution
		HideSolutionNode = FALSE
	EndGlobalSection
	GlobalSection(NestedProjects) = preSolution
		{98B2CA79-690C-4CCA-962E-20800708DFCF} = {2BAFFA81-C44A-4ECC-B54E-939CBD251E6A}
		{BD14A78B-6298-4F15-8FD8-057E8B699D83} = {2BAFFA81-C44A-4ECC-B54E-939CBD251E6A}
		{E3C9FF72-AF0E-4A16-B66F-6058EB0A58C6} = {2BAFFA81-C44A-4ECC-B54E-939CBD251E6A}
		{52B270D4-E7FC-4F28-9981-82CCE0090E00} = {2BAFFA81-C44A-4ECC-B54E-939CBD251E6A}
		{A5D6B729-4F16-41BB-AF4F-E0FFB0C2AA9C} = {BD14A78B-6298-4F15-8FD8-057E8B699D83}
		{3E351812-21C1-4DDA-B5AE-8D385F985016} = {E3C9FF72-AF0E-4A16-B66F-6058EB0A58C6}
		{93FA50B5-2DE1-4329-859D-A0DF582E061B} = {52B270D4-E7FC-4F28-9981-82CCE0090E00}
		{05560A62-B9F3-453C-B294-7A4F4E5C973E} = {52B270D4-E7FC-4F28-9981-82CCE0090E00}
		{DDDBFB66-A0CA-4ECC-967C-8EDA75249128} = {52B270D4-E7FC-4F28-9981-82CCE0090E00}
		{AC9410EC-22B0-4EE7-9C8D-9405E1DDE70E} = {98B2CA79-690C-4CCA-962E-20800708DFCF}
		{4A695A4C-0FCF-44B6-923B-A03C3B0D208D} = {DDDBFB66-A0CA-4ECC-967C-8EDA75249128}
		{8AA2F691-4A99-4B0B-8DF4-E45220C88B4D} = {93FA50B5-2DE1-4329-859D-A0DF582E061B}
		{AD6B745F-0CE8-4B16-A432-840EB8255424} = {05560A62-B9F3-453C-B294-7A4F4E5C973E}
		{42DCC985-F3AE-459F-BB7A-54CB7E1A1BDB} = {3E351812-21C1-4DDA-B5AE-8D385F985016}
		{508F36DC-058D-4380-BA02-FF33ED3CD87F} = {3E351812-21C1-4DDA-B5AE-8D385F985016}
		{BA05FB67-4589-4789-A62F-A8FBA193E99E} = {A5D6B729-4F16-41BB-AF4F-E0FFB0C2AA9C}
		{850E311E-7A44-4695-9C2E-0E7D07128A29} = {A5D6B729-4F16-41BB-AF4F-E0FFB0C2AA9C}
	EndGlobalSection
	GlobalSection(ExtensibilityGlobals) = postSolution
		SolutionGuid = {4292A6D7-5992-431D-A179-8064BD3704EE}
	EndGlobalSection
EndGlobal
